{
  "version": 4,
  "terraform_version": "1.14.9",
  "serial": 30,
  "lineage": "79b70aed-1893-3f95-8d9b-3f4e87684109",
  "outputs": {},
  "resources": [
    {
      "mode": "managed",
      "type": "cloudflare_record",
      "name": "vmware_dns",
      "provider": "provider[\"registry.terraform.io/cloudflare/cloudflare\"]",
      "instances": [
        {
          "schema_version": 3,
          "attributes": {
            "allow_overwrite": false,
            "comment": "",
            "content": "3265b34e-0de0-400e-88f0-a5ee87d3145f.cfargotunnel.com",
            "created_on": "2026-07-03T01:33:04.369869Z",
            "data": [],
            "hostname": "cloud-learning.site",
            "id": "529185e6050e1113c65e7ef862e5d2e2",
            "metadata": {},
            "modified_on": "2026-07-03T01:33:04.369869Z",
            "name": "@",
            "priority": null,
            "proxiable": true,
            "proxied": true,
            "tags": null,
            "timeouts": null,
            "ttl": 1,
            "type": "CNAME",
            "value": null,
            "zone_id": "0ef65ac4c0df57820615b2e614914550"
          },
          "sensitive_attributes": [],
          "identity_schema_version": 0,
          "private": "eyJlMmJmYjczMC1lY2FhLTExZTYtOGY4OC0zNDM2M2JjN2M0YzAiOnsiY3JlYXRlIjozMDAwMDAwMDAwMCwidXBkYXRlIjozMDAwMDAwMDAwMH0sInNjaGVtYV92ZXJzaW9uIjoiMyJ9",
          "dependencies": [
            "cloudflare_tunnel.vmware_tunnel",
            "random_password.tunnel_secret"
          ]
        }
      ]
    },
    {
      "mode": "managed",
      "type": "cloudflare_tunnel",
      "name": "vmware_tunnel",
      "provider": "provider[\"registry.terraform.io/cloudflare/cloudflare\"]",
      "instances": [
        {
          "schema_version": 0,
          "attributes": {
            "account_id": "5c396b8c5d15f153b028854777327219",
            "cname": "3265b34e-0de0-400e-88f0-a5ee87d3145f.cfargotunnel.com",
            "config_src": null,
            "id": "3265b34e-0de0-400e-88f0-a5ee87d3145f",
            "name": "vmware-local-tunnel",
            "secret": "VW4xVWtwRUtIc1RXODF2b2d4YmRiV1J0MW9wazQyMG5leEhLQ1dPeUUzb2JoOGpEMmZiNU4wWldsMllaTllhdQ==",
            "tunnel_token": "eyJhIjoiNWMzOTZiOGM1ZDE1ZjE1M2IwMjg4NTQ3NzczMjcyMTkiLCJ0IjoiMzI2NWIzNGUtMGRlMC00MDBlLTg4ZjAtYTVlZTg3ZDMxNDVmIiwicyI6IlZXNHhWV3R3UlV0SWMxUlhPREYyYjJkNFltUmlWMUowTVc5d2F6UXlNRzVsZUVoTFExZFBlVVV6YjJKb09HcEVNbVppTlU0d1dsZHNNbGxhVGxsaGRRPT0ifQ=="
          },
          "sensitive_attributes": [
            [
              {
                "type": "get_attr",
                "value": "secret"
              }
            ],
            [
              {
                "type": "get_attr",
                "value": "tunnel_token"
              }
            ]
          ],
          "identity_schema_version": 0,
          "private": "bnVsbA==",
          "dependencies": [
            "random_password.tunnel_secret"
          ]
        }
      ]
    },
    {
      "mode": "managed",
      "type": "cloudflare_tunnel_config",
      "name": "vmware_config",
      "provider": "provider[\"registry.terraform.io/cloudflare/cloudflare\"]",
      "instances": [
        {
          "schema_version": 0,
          "attributes": {
            "account_id": "5c396b8c5d15f153b028854777327219",
            "config": [
              {
                "ingress_rule": [
                  {
                    "hostname": "cloud-learning.site",
                    "origin_request": [],
                    "path": "",
                    "service": "http://ingress-nginx-controller.ingress-nginx.svc.cluster.local:80"
                  },
                  {
                    "hostname": "",
                    "origin_request": [],
                    "path": "",
                    "service": "http_status:404"
                  }
                ],
                "origin_request": [],
                "warp_routing": []
              }
            ],
            "id": "3265b34e-0de0-400e-88f0-a5ee87d3145f",
            "tunnel_id": "3265b34e-0de0-400e-88f0-a5ee87d3145f"
          },
          "sensitive_attributes": [],
          "identity_schema_version": 0,
          "private": "bnVsbA==",
          "dependencies": [
            "cloudflare_tunnel.vmware_tunnel",
            "random_password.tunnel_secret"
          ]
        }
      ]
    },
    {
      "mode": "managed",
      "type": "null_resource",
      "name": "install_cloudflared_pod",
      "provider": "provider[\"registry.terraform.io/hashicorp/null\"]",
      "instances": [
        {
          "schema_version": 0,
          "attributes": {
            "id": "1456727423452323550",
            "triggers": {
              "always_run": "2026-07-03T01:33:05Z"
            }
          },
          "sensitive_attributes": [],
          "identity_schema_version": 0,
          "dependencies": [
            "cloudflare_record.vmware_dns",
            "cloudflare_tunnel.vmware_tunnel",
            "cloudflare_tunnel_config.vmware_config",
            "random_password.tunnel_secret"
          ]
        }
      ]
    },
    {
      "mode": "managed",
      "type": "random_password",
      "name": "tunnel_secret",
      "provider": "provider[\"registry.terraform.io/hashicorp/random\"]",
      "instances": [
        {
          "schema_version": 3,
          "attributes": {
            "bcrypt_hash": "$2a$10$TnNeYw.VN1IpjMKm1L3t5OduEEXf2sBK.NNtvDg2vYBC7j0G8rLuO",
            "id": "none",
            "keepers": null,
            "length": 64,
            "lower": true,
            "min_lower": 0,
            "min_numeric": 0,
            "min_special": 0,
            "min_upper": 0,
            "number": true,
            "numeric": true,
            "override_special": null,
            "result": "Un1UkpEKHsTW81vogxbdbWRt1opk420nexHKCWOyE3obh8jD2fb5N0ZWl2YZNYau",
            "special": false,
            "upper": true
          },
          "sensitive_attributes": [
            [
              {
                "type": "get_attr",
                "value": "bcrypt_hash"
              }
            ],
            [
              {
                "type": "get_attr",
                "value": "result"
              }
            ]
          ],
          "identity_schema_version": 0
        }
      ]
    }
  ],
  "check_results": null
}
