{
  "version": 4,
  "terraform_version": "1.14.9",
  "serial": 54,
  "lineage": "79b70aed-1893-3f95-8d9b-3f4e87684109",
  "outputs": {
    "tunnel_real_token": {
      "value": "eyJhIjoiNWMzOTZiOGM1ZDE1ZjE1M2IwMjg4NTQ3NzczMjcyMTkiLCJ0IjoiZDNhNWI0MzMtZTI3ZC00MDRmLWE3MmItMjEwNjYwYTViY2M5IiwicyI6IlJ6QklRWHBhYTBaYVdVczBhRFpMYlZCdGNGQlBkelpCWTB0blIxWm1PREJ2YldOcGJrbGFPRzVKVWpBeWRrbDZaMVZHT1VseWVXTnNXazFoYjI0MmRBPT0ifQ==",
      "type": "string",
      "sensitive": true
    }
  },
  "resources": [
    {
      "mode": "managed",
      "type": "cloudflare_record",
      "name": "vmware_dns",
      "provider": "provider[\"registry.terraform.io/cloudflare/cloudflare\"]",
      "instances": [
        {
          "schema_version": 3,
          "attributes": {
            "allow_overwrite": false,
            "comment": "",
            "content": "d3a5b433-e27d-404f-a72b-210660a5bcc9.cfargotunnel.com",
            "created_on": "2026-07-03T02:28:14.055123Z",
            "data": [],
            "hostname": "cloud-learning.site",
            "id": "6c4edb3b846a1db169803e7517ec02d4",
            "metadata": {},
            "modified_on": "2026-07-03T02:28:14.055123Z",
            "name": "@",
            "priority": null,
            "proxiable": true,
            "proxied": true,
            "tags": null,
            "timeouts": null,
            "ttl": 1,
            "type": "CNAME",
            "value": null,
            "zone_id": "0ef65ac4c0df57820615b2e614914550"
          },
          "sensitive_attributes": [],
          "identity_schema_version": 0,
          "private": "eyJlMmJmYjczMC1lY2FhLTExZTYtOGY4OC0zNDM2M2JjN2M0YzAiOnsiY3JlYXRlIjozMDAwMDAwMDAwMCwidXBkYXRlIjozMDAwMDAwMDAwMH0sInNjaGVtYV92ZXJzaW9uIjoiMyJ9",
          "dependencies": [
            "cloudflare_tunnel.vmware_tunnel",
            "random_password.tunnel_secret"
          ]
        }
      ]
    },
    {
      "mode": "managed",
      "type": "cloudflare_tunnel",
      "name": "vmware_tunnel",
      "provider": "provider[\"registry.terraform.io/cloudflare/cloudflare\"]",
      "instances": [
        {
          "schema_version": 0,
          "attributes": {
            "account_id": "5c396b8c5d15f153b028854777327219",
            "cname": "d3a5b433-e27d-404f-a72b-210660a5bcc9.cfargotunnel.com",
            "config_src": null,
            "id": "d3a5b433-e27d-404f-a72b-210660a5bcc9",
            "name": "vmware-local-tunnel",
            "secret": "RzBIQXpaa0ZaWUs0aDZLbVBtcFBPdzZBY0tnR1ZmODBvbWNpbklaOG5JUjAydkl6Z1VGOUlyeWNsWk1hb242dA==",
            "tunnel_token": "eyJhIjoiNWMzOTZiOGM1ZDE1ZjE1M2IwMjg4NTQ3NzczMjcyMTkiLCJ0IjoiZDNhNWI0MzMtZTI3ZC00MDRmLWE3MmItMjEwNjYwYTViY2M5IiwicyI6IlJ6QklRWHBhYTBaYVdVczBhRFpMYlZCdGNGQlBkelpCWTB0blIxWm1PREJ2YldOcGJrbGFPRzVKVWpBeWRrbDZaMVZHT1VseWVXTnNXazFoYjI0MmRBPT0ifQ=="
          },
          "sensitive_attributes": [
            [
              {
                "type": "get_attr",
                "value": "secret"
              }
            ],
            [
              {
                "type": "get_attr",
                "value": "tunnel_token"
              }
            ]
          ],
          "identity_schema_version": 0,
          "private": "bnVsbA==",
          "dependencies": [
            "random_password.tunnel_secret"
          ]
        }
      ]
    },
    {
      "mode": "managed",
      "type": "cloudflare_tunnel_config",
      "name": "vmware_config",
      "provider": "provider[\"registry.terraform.io/cloudflare/cloudflare\"]",
      "instances": [
        {
          "schema_version": 0,
          "attributes": {
            "account_id": "5c396b8c5d15f153b028854777327219",
            "config": [
              {
                "ingress_rule": [
                  {
                    "hostname": "cloud-learning.site",
                    "origin_request": [],
                    "path": "",
                    "service": "http://ingress-nginx-controller.ingress-nginx.svc.cluster.local:80"
                  },
                  {
                    "hostname": "",
                    "origin_request": [],
                    "path": "",
                    "service": "http_status:404"
                  }
                ],
                "origin_request": [],
                "warp_routing": []
              }
            ],
            "id": "d3a5b433-e27d-404f-a72b-210660a5bcc9",
            "tunnel_id": "d3a5b433-e27d-404f-a72b-210660a5bcc9"
          },
          "sensitive_attributes": [],
          "identity_schema_version": 0,
          "private": "bnVsbA==",
          "dependencies": [
            "cloudflare_tunnel.vmware_tunnel",
            "random_password.tunnel_secret"
          ]
        }
      ]
    },
    {
      "mode": "managed",
      "type": "null_resource",
      "name": "install_cloudflared_pod",
      "provider": "provider[\"registry.terraform.io/hashicorp/null\"]",
      "instances": [
        {
          "schema_version": 0,
          "attributes": {
            "id": "6663043390200928073",
            "triggers": {
              "always_run": "2026-07-03T02:28:14Z"
            }
          },
          "sensitive_attributes": [],
          "identity_schema_version": 0,
          "dependencies": [
            "cloudflare_record.vmware_dns",
            "cloudflare_tunnel.vmware_tunnel",
            "cloudflare_tunnel_config.vmware_config",
            "random_password.tunnel_secret"
          ]
        }
      ]
    },
    {
      "mode": "managed",
      "type": "random_password",
      "name": "tunnel_secret",
      "provider": "provider[\"registry.terraform.io/hashicorp/random\"]",
      "instances": [
        {
          "schema_version": 3,
          "attributes": {
            "bcrypt_hash": "$2a$10$UCz11LrUcJLljhgU3aAq1erxIlDXGYFYyDFD6QXoANXJ1/zZCP9dq",
            "id": "none",
            "keepers": null,
            "length": 64,
            "lower": true,
            "min_lower": 0,
            "min_numeric": 0,
            "min_special": 0,
            "min_upper": 0,
            "number": true,
            "numeric": true,
            "override_special": null,
            "result": "G0HAzZkFZYK4h6KmPmpPOw6AcKgGVf80omcinIZ8nIR02vIzgUF9IryclZMaon6t",
            "special": false,
            "upper": true
          },
          "sensitive_attributes": [
            [
              {
                "type": "get_attr",
                "value": "bcrypt_hash"
              }
            ],
            [
              {
                "type": "get_attr",
                "value": "result"
              }
            ]
          ],
          "identity_schema_version": 0
        }
      ]
    }
  ],
  "check_results": null
}
