{
  "version": 4,
  "terraform_version": "1.14.9",
  "serial": 18,
  "lineage": "79b70aed-1893-3f95-8d9b-3f4e87684109",
  "outputs": {},
  "resources": [
    {
      "mode": "managed",
      "type": "cloudflare_record",
      "name": "vmware_dns",
      "provider": "provider[\"registry.terraform.io/cloudflare/cloudflare\"]",
      "instances": [
        {
          "schema_version": 3,
          "attributes": {
            "allow_overwrite": false,
            "comment": "",
            "content": "185443e3-7706-44a7-b30f-8092d3bbb21d.cfargotunnel.com",
            "created_on": "2026-07-03T01:17:11.114051Z",
            "data": [],
            "hostname": "cloud-learning.site",
            "id": "1887b803dcfc42b64562f60c1fea0673",
            "metadata": {},
            "modified_on": "2026-07-03T01:17:11.114051Z",
            "name": "@",
            "priority": null,
            "proxiable": true,
            "proxied": true,
            "tags": null,
            "timeouts": null,
            "ttl": 1,
            "type": "CNAME",
            "value": null,
            "zone_id": "0ef65ac4c0df57820615b2e614914550"
          },
          "sensitive_attributes": [],
          "identity_schema_version": 0,
          "private": "eyJlMmJmYjczMC1lY2FhLTExZTYtOGY4OC0zNDM2M2JjN2M0YzAiOnsiY3JlYXRlIjozMDAwMDAwMDAwMCwidXBkYXRlIjozMDAwMDAwMDAwMH0sInNjaGVtYV92ZXJzaW9uIjoiMyJ9",
          "dependencies": [
            "cloudflare_tunnel.vmware_tunnel",
            "random_password.tunnel_secret"
          ]
        }
      ]
    },
    {
      "mode": "managed",
      "type": "cloudflare_tunnel",
      "name": "vmware_tunnel",
      "provider": "provider[\"registry.terraform.io/cloudflare/cloudflare\"]",
      "instances": [
        {
          "schema_version": 0,
          "attributes": {
            "account_id": "5c396b8c5d15f153b028854777327219",
            "cname": "185443e3-7706-44a7-b30f-8092d3bbb21d.cfargotunnel.com",
            "config_src": null,
            "id": "185443e3-7706-44a7-b30f-8092d3bbb21d",
            "name": "vmware-local-tunnel",
            "secret": "R1p5T1BUWEhPTlhJUDZJdVVjT2hiZUxYZE9LbWJiS01ncGZCNW9teGRMbWFPeUtRZFoydmNFTTNWcXJmcnlGMg==",
            "tunnel_token": "eyJhIjoiNWMzOTZiOGM1ZDE1ZjE1M2IwMjg4NTQ3NzczMjcyMTkiLCJ0IjoiMTg1NDQzZTMtNzcwNi00NGE3LWIzMGYtODA5MmQzYmJiMjFkIiwicyI6IlIxcDVUMUJVV0VoUFRsaEpVRFpKZFZWalQyaGlaVXhZWkU5TGJXSmlTMDFuY0daQ05XOXRlR1JNYldGUGVVdFJaRm95ZG1ORlRUTldjWEptY25sR01nPT0ifQ=="
          },
          "sensitive_attributes": [
            [
              {
                "type": "get_attr",
                "value": "secret"
              }
            ],
            [
              {
                "type": "get_attr",
                "value": "tunnel_token"
              }
            ]
          ],
          "identity_schema_version": 0,
          "private": "bnVsbA==",
          "dependencies": [
            "random_password.tunnel_secret"
          ]
        }
      ]
    },
    {
      "mode": "managed",
      "type": "cloudflare_tunnel_config",
      "name": "vmware_config",
      "provider": "provider[\"registry.terraform.io/cloudflare/cloudflare\"]",
      "instances": [
        {
          "schema_version": 0,
          "attributes": {
            "account_id": "5c396b8c5d15f153b028854777327219",
            "config": [
              {
                "ingress_rule": [
                  {
                    "hostname": "cloud-learning.site",
                    "origin_request": [],
                    "path": "",
                    "service": "http://nginx-svc.default.svc.cluster.local:80"
                  },
                  {
                    "hostname": "",
                    "origin_request": [],
                    "path": "",
                    "service": "http_status:404"
                  }
                ],
                "origin_request": [],
                "warp_routing": []
              }
            ],
            "id": "185443e3-7706-44a7-b30f-8092d3bbb21d",
            "tunnel_id": "185443e3-7706-44a7-b30f-8092d3bbb21d"
          },
          "sensitive_attributes": [],
          "identity_schema_version": 0,
          "private": "bnVsbA==",
          "dependencies": [
            "cloudflare_tunnel.vmware_tunnel",
            "random_password.tunnel_secret"
          ]
        }
      ]
    },
    {
      "mode": "managed",
      "type": "null_resource",
      "name": "install_cloudflared_pod",
      "provider": "provider[\"registry.terraform.io/hashicorp/null\"]",
      "instances": [
        {
          "schema_version": 0,
          "attributes": {
            "id": "598118591865228408",
            "triggers": {
              "always_run": "2026-07-03T01:17:12Z"
            }
          },
          "sensitive_attributes": [],
          "identity_schema_version": 0,
          "dependencies": [
            "cloudflare_record.vmware_dns",
            "cloudflare_tunnel.vmware_tunnel",
            "cloudflare_tunnel_config.vmware_config",
            "random_password.tunnel_secret"
          ]
        }
      ]
    },
    {
      "mode": "managed",
      "type": "random_password",
      "name": "tunnel_secret",
      "provider": "provider[\"registry.terraform.io/hashicorp/random\"]",
      "instances": [
        {
          "schema_version": 3,
          "attributes": {
            "bcrypt_hash": "$2a$10$n0qLvPzxLXu1.rqYNjC2s.yLbdMRGEmMHUwQM0MRkHcNEDs7vbY9O",
            "id": "none",
            "keepers": null,
            "length": 64,
            "lower": true,
            "min_lower": 0,
            "min_numeric": 0,
            "min_special": 0,
            "min_upper": 0,
            "number": true,
            "numeric": true,
            "override_special": null,
            "result": "GZyOPTXHONXIP6IuUcOhbeLXdOKmbbKMgpfB5omxdLmaOyKQdZ2vcEM3VqrfryF2",
            "special": false,
            "upper": true
          },
          "sensitive_attributes": [
            [
              {
                "type": "get_attr",
                "value": "bcrypt_hash"
              }
            ],
            [
              {
                "type": "get_attr",
                "value": "result"
              }
            ]
          ],
          "identity_schema_version": 0
        }
      ]
    }
  ],
  "check_results": null
}
